
Microsoft Visual Studio Solution File, Format Version 12.00
# Visual Studio Version 16
VisualStudioVersion = 16.0.28803.352
MinimumVisualStudioVersion = 10.0.40219.1
Project("{9A19103F-16F7-4668-BE54-9A1E7A4F7556}") = "VacationRental.Api", "VacationRental.Api\VacationRental.Api.csproj", "{478C6CBF-6F84-4604-8E31-DEDFDFE10DBC}"
EndProject
Project("{9A19103F-16F7-4668-BE54-9A1E7A4F7556}") = "VacationRental.Api.Tests", "VacationRental.Api.Tests\VacationRental.Api.Tests.csproj", "{57FE6E13-7144-459F-BCA8-431087D3DAEE}"
EndProject
Project("{9A19103F-16F7-4668-BE54-9A1E7A4F7556}") = "VR.Application", "VR.Application\VR.Application.csproj", "{F72DB28F-EEA3-4C69-9DD3-27680E600AA5}"
EndProject
Project("{9A19103F-16F7-4668-BE54-9A1E7A4F7556}") = "VR.Domain", "VR.Domain\VR.Domain.csproj", "{C249420B-9F1C-4296-9EFA-F081A3A3B7F6}"
EndProject
Project("{9A19103F-16F7-4668-BE54-9A1E7A4F7556}") = "VR.Infrastructure", "VR.Infrastructure\VR.Infrastructure.csproj", "{B43F526C-3310-4245-B4D6-0A59E05DBB39}"
EndProject
Project("{2150E333-8FDC-42A3-9474-1A3956D46DE8}") = "Tests", "Tests", "{31A8F073-C18A-45C0-AA88-76060F9E2A0D}"
EndProject
Project("{9A19103F-16F7-4668-BE54-9A1E7A4F7556}") = "VR.DataAccess", "VR.DataAccess\VR.DataAccess.csproj", "{A5064076-DB1A-4BC6-AC96-8C7E90894CB1}"
EndProject
Project("{FAE04EC0-301F-11D3-BF4B-00C04F79EFBC}") = "VacationRental.Unit.Tests", "VacationRental.Unit.Tests\VacationRental.Unit.Tests.csproj", "{2123D71C-1D3F-453F-B51E-4204835F4FF9}"
EndProject
Global
	GlobalSection(SolutionConfigurationPlatforms) = preSolution
		Debug|Any CPU = Debug|Any CPU
		Release|Any CPU = Release|Any CPU
	EndGlobalSection
	GlobalSection(ProjectConfigurationPlatforms) = postSolution
		{478C6CBF-6F84-4604-8E31-DEDFDFE10DBC}.Debug|Any CPU.ActiveCfg = Debug|Any CPU
		{478C6CBF-6F84-4604-8E31-DEDFDFE10DBC}.Debug|Any CPU.Build.0 = Debug|Any CPU
		{478C6CBF-6F84-4604-8E31-DEDFDFE10DBC}.Release|Any CPU.ActiveCfg = Release|Any CPU
		{478C6CBF-6F84-4604-8E31-DEDFDFE10DBC}.Release|Any CPU.Build.0 = Release|Any CPU
		{57FE6E13-7144-459F-BCA8-431087D3DAEE}.Debug|Any CPU.ActiveCfg = Debug|Any CPU
		{57FE6E13-7144-459F-BCA8-431087D3DAEE}.Debug|Any CPU.Build.0 = Debug|Any CPU
		{57FE6E13-7144-459F-BCA8-431087D3DAEE}.Release|Any CPU.ActiveCfg = Release|Any CPU
		{57FE6E13-7144-459F-BCA8-431087D3DAEE}.Release|Any CPU.Build.0 = Release|Any CPU
		{F72DB28F-EEA3-4C69-9DD3-27680E600AA5}.Debug|Any CPU.ActiveCfg = Debug|Any CPU
		{F72DB28F-EEA3-4C69-9DD3-27680E600AA5}.Debug|Any CPU.Build.0 = Debug|Any CPU
		{F72DB28F-EEA3-4C69-9DD3-27680E600AA5}.Release|Any CPU.ActiveCfg = Release|Any CPU
		{F72DB28F-EEA3-4C69-9DD3-27680E600AA5}.Release|Any CPU.Build.0 = Release|Any CPU
		{C249420B-9F1C-4296-9EFA-F081A3A3B7F6}.Debug|Any CPU.ActiveCfg = Debug|Any CPU
		{C249420B-9F1C-4296-9EFA-F081A3A3B7F6}.Debug|Any CPU.Build.0 = Debug|Any CPU
		{C249420B-9F1C-4296-9EFA-F081A3A3B7F6}.Release|Any CPU.ActiveCfg = Release|Any CPU
		{C249420B-9F1C-4296-9EFA-F081A3A3B7F6}.Release|Any CPU.Build.0 = Release|Any CPU
		{B43F526C-3310-4245-B4D6-0A59E05DBB39}.Debug|Any CPU.ActiveCfg = Debug|Any CPU
		{B43F526C-3310-4245-B4D6-0A59E05DBB39}.Debug|Any CPU.Build.0 = Debug|Any CPU
		{B43F526C-3310-4245-B4D6-0A59E05DBB39}.Release|Any CPU.ActiveCfg = Release|Any CPU
		{B43F526C-3310-4245-B4D6-0A59E05DBB39}.Release|Any CPU.Build.0 = Release|Any CPU
		{A5064076-DB1A-4BC6-AC96-8C7E90894CB1}.Debug|Any CPU.ActiveCfg = Debug|Any CPU
		{A5064076-DB1A-4BC6-AC96-8C7E90894CB1}.Debug|Any CPU.Build.0 = Debug|Any CPU
		{A5064076-DB1A-4BC6-AC96-8C7E90894CB1}.Release|Any CPU.ActiveCfg = Release|Any CPU
		{A5064076-DB1A-4BC6-AC96-8C7E90894CB1}.Release|Any CPU.Build.0 = Release|Any CPU
		{2123D71C-1D3F-453F-B51E-4204835F4FF9}.Debug|Any CPU.ActiveCfg = Debug|Any CPU
		{2123D71C-1D3F-453F-B51E-4204835F4FF9}.Debug|Any CPU.Build.0 = Debug|Any CPU
		{2123D71C-1D3F-453F-B51E-4204835F4FF9}.Release|Any CPU.ActiveCfg = Release|Any CPU
		{2123D71C-1D3F-453F-B51E-4204835F4FF9}.Release|Any CPU.Build.0 = Release|Any CPU
	EndGlobalSection
	GlobalSection(SolutionProperties) = preSolution
		HideSolutionNode = FALSE
	EndGlobalSection
	GlobalSection(NestedProjects) = preSolution
		{57FE6E13-7144-459F-BCA8-431087D3DAEE} = {31A8F073-C18A-45C0-AA88-76060F9E2A0D}
		{2123D71C-1D3F-453F-B51E-4204835F4FF9} = {31A8F073-C18A-45C0-AA88-76060F9E2A0D}
	EndGlobalSection
	GlobalSection(ExtensibilityGlobals) = postSolution
		SolutionGuid = {6A5319C5-4F21-41BF-B8A7-BC45868FEC89}
	EndGlobalSection
EndGlobal
